
Microsoft Visual Studio Solution File, Format Version 12.00
# Visual Studio Version 17
VisualStudioVersion = 17.13.35825.156
MinimumVisualStudioVersion = 10.0.40219.1
Project("{FAE04EC0-301F-11D3-BF4B-00C04F79EFBC}") = "ApiProjeKampi.WebApi", "ApiProjeKampi.WebApi\ApiProjeKampi.WebApi.csproj", "{0BD6B6B4-C751-49C9-BD16-B0123DDE2D99}"
EndProject
Project("{FAE04EC0-301F-11D3-BF4B-00C04F79EFBC}") = "ApiProjeKampi.WebUI", "ApiProjeKampi.WebUI\ApiProjeKampi.WebUI.csproj", "{6F581871-4F4B-4F9E-9BFE-D7343AD38D45}"
EndProject
Global
	GlobalSection(SolutionConfigurationPlatforms) = preSolution
		Debug|Any CPU = Debug|Any CPU
		Release|Any CPU = Release|Any CPU
	EndGlobalSection
	GlobalSection(ProjectConfigurationPlatforms) = postSolution
		{0BD6B6B4-C751-49C9-BD16-B0123DDE2D99}.Debug|Any CPU.ActiveCfg = Debug|Any CPU
		{0BD6B6B4-C751-49C9-BD16-B0123DDE2D99}.Debug|Any CPU.Build.0 = Debug|Any CPU
		{0BD6B6B4-C751-49C9-BD16-B0123DDE2D99}.Release|Any CPU.ActiveCfg = Release|Any CPU
		{0BD6B6B4-C751-49C9-BD16-B0123DDE2D99}.Release|Any CPU.Build.0 = Release|Any CPU
		{6F581871-4F4B-4F9E-9BFE-D7343AD38D45}.Debug|Any CPU.ActiveCfg = Debug|Any CPU
		{6F581871-4F4B-4F9E-9BFE-D7343AD38D45}.Debug|Any CPU.Build.0 = Debug|Any CPU
		{6F581871-4F4B-4F9E-9BFE-D7343AD38D45}.Release|Any CPU.ActiveCfg = Release|Any CPU
		{6F581871-4F4B-4F9E-9BFE-D7343AD38D45}.Release|Any CPU.Build.0 = Release|Any CPU
	EndGlobalSection
	GlobalSection(SolutionProperties) = preSolution
		HideSolutionNode = FALSE
	EndGlobalSection
	GlobalSection(ExtensibilityGlobals) = postSolution
		SolutionGuid = {D00C18B5-741D-44F4-970D-F2C824AA572C}
	EndGlobalSection
EndGlobal
